
Microsoft Visual Studio Solution File, Format Version 11.00
# Visual Studio 2010
# SharpDevelop 4.4
Project("{FD48973F-F585-4F70-812B-4D0503B36CE9}") = "Visa.Net-SharpDevelop-Python", "Visa.Net-SharpDevelop-Python\Visa.Net-SharpDevelop-Python.pyproj", "{3196755A-631A-4E98-BB6C-D144348D1D1A}"
EndProject
Global
	GlobalSection(SolutionConfigurationPlatforms) = preSolution
		Debug|Any CPU = Debug|Any CPU
		Release|Any CPU = Release|Any CPU
	EndGlobalSection
	GlobalSection(ProjectConfigurationPlatforms) = postSolution
		{3196755A-631A-4E98-BB6C-D144348D1D1A}.Debug|Any CPU.Build.0 = Debug|Any CPU
		{3196755A-631A-4E98-BB6C-D144348D1D1A}.Debug|Any CPU.ActiveCfg = Debug|Any CPU
		{3196755A-631A-4E98-BB6C-D144348D1D1A}.Release|Any CPU.Build.0 = Release|Any CPU
		{3196755A-631A-4E98-BB6C-D144348D1D1A}.Release|Any CPU.ActiveCfg = Release|Any CPU
	EndGlobalSection
EndGlobal
